// !$*UTF8*$!
{
	archiveVersion = 1;
	classes = {
	};
	objectVersion = 46;
	objects = {

/* Begin PBXBuildFile section */
		8B42AC841B5C5BEC0058A814 /* AppDelegate.swift in Sources */ = {isa = PBXBuildFile; fileRef = 8B42AC831B5C5BEC0058A814 /* AppDelegate.swift */; };
		8B42AC861B5C5BEC0058A814 /* Images.xcassets in Resources */ = {isa = PBXBuildFile; fileRef = 8B42AC851B5C5BEC0058A814 /* Images.xcassets */; };
		8B42AC951B5C5BEC0058A814 /* Recipe_RobotTests.swift in Sources */ = {isa = PBXBuildFile; fileRef = 8B42AC941B5C5BEC0058A814 /* Recipe_RobotTests.swift */; };
		8B8F78D31BF3D5DB008F2440 /* Feed Me Drop Zone.png in Resources */ = {isa = PBXBuildFile; fileRef = 8B8F78D21BF3D5DB008F2440 /* Feed Me Drop Zone.png */; };
		8BC7598F1BE413190074040F /* Credits.rtf in Resources */ = {isa = PBXBuildFile; fileRef = 8BC7598E1BE413190074040F /* Credits.rtf */; };
		9F578136254F797800B9F2D8 /* Sparkle.framework in Frameworks */ = {isa = PBXBuildFile; fileRef = 9F578135254F797800B9F2D8 /* Sparkle.framework */; };
		9F578137254F797800B9F2D8 /* Sparkle.framework in Embed Frameworks */ = {isa = PBXBuildFile; fileRef = 9F578135254F797800B9F2D8 /* Sparkle.framework */; settings = {ATTRIBUTES = (CodeSignOnCopy, RemoveHeadersOnCopy, ); }; };
		BE007DBA1BE93CFE00E31479 /* RecipeType.swift in Sources */ = {isa = PBXBuildFile; fileRef = BE007DB91BE93CFE00E31479 /* RecipeType.swift */; };
		BE09DAAE1BBA1C03007F8FF4 /* icon_128x128.png in Resources */ = {isa = PBXBuildFile; fileRef = BE09DAAD1BBA1C03007F8FF4 /* icon_128x128.png */; };
		BE1A41CF1BB4C374008173FB /* scripts in Resources */ = {isa = PBXBuildFile; fileRef = BE6F6BA21B800E270082011D /* scripts */; };
		BE328F181BDC0DFD00EAF2E5 /* NotificationListener.swift in Sources */ = {isa = PBXBuildFile; fileRef = BE328F171BDC0DFD00EAF2E5 /* NotificationListener.swift */; };
		BE34C8341B7EC5D400E0822E /* RecipeRobotViewController.swift in Sources */ = {isa = PBXBuildFile; fileRef = BE34C8331B7EC5D400E0822E /* RecipeRobotViewController.swift */; };
		BE34C8371B7EC5DF00E0822E /* Main.storyboard in Resources */ = {isa = PBXBuildFile; fileRef = BE34C8351B7EC5DF00E0822E /* Main.storyboard */; };
		BE49EB8D1BDFCB03001AA9CF /* Images.swift in Sources */ = {isa = PBXBuildFile; fileRef = BE49EB8C1BDFCB03001AA9CF /* Images.swift */; };
		BE49EB8F1BDFD33C001AA9CF /* FeedMeDropImageView.swift in Sources */ = {isa = PBXBuildFile; fileRef = BE49EB8E1BDFD33C001AA9CF /* FeedMeDropImageView.swift */; };
		BE49EB911BDFD451001AA9CF /* Defaults.swift in Sources */ = {isa = PBXBuildFile; fileRef = BE49EB901BDFD451001AA9CF /* Defaults.swift */; };
		BE6F6BA31B800E270082011D /* scripts in Resources */ = {isa = PBXBuildFile; fileRef = BE6F6BA21B800E270082011D /* scripts */; };
		BE76397C1BCB42EC00589695 /* StringExtensions.swift in Sources */ = {isa = PBXBuildFile; fileRef = BE76397B1BCB42EC00589695 /* StringExtensions.swift */; };
		BE76397E1BCB602A00589695 /* Colors.swift in Sources */ = {isa = PBXBuildFile; fileRef = BE76397D1BCB602A00589695 /* Colors.swift */; };
		BE8997431B61D05300BBBEB5 /* RecipeRobotTask.swift in Sources */ = {isa = PBXBuildFile; fileRef = BE8997421B61D05300BBBEB5 /* RecipeRobotTask.swift */; };
		BE9965AF1BE7BAC000FE4113 /* TextStorageExtensions.swift in Sources */ = {isa = PBXBuildFile; fileRef = BE9965AE1BE7BAC000FE4113 /* TextStorageExtensions.swift */; };
		BE9965B11BE7BDE400FE4113 /* DictionaryExtensions.swift in Sources */ = {isa = PBXBuildFile; fileRef = BE9965B01BE7BDE400FE4113 /* DictionaryExtensions.swift */; };
		BEB280081BF0D40B0084DA0F /* Taskable.swift in Sources */ = {isa = PBXBuildFile; fileRef = BEB280071BF0D40B0084DA0F /* Taskable.swift */; };
		BEB280091BF0E7600084DA0F /* Taskable.swift in Sources */ = {isa = PBXBuildFile; fileRef = BEB280071BF0D40B0084DA0F /* Taskable.swift */; };
		BEB732831BE3F1AC00EA375C /* Storyboard.swift in Sources */ = {isa = PBXBuildFile; fileRef = BEB732821BE3F1AC00EA375C /* Storyboard.swift */; };
		BED8AC131BF7EC6A000ACBC2 /* ChainableTextControl.swift in Sources */ = {isa = PBXBuildFile; fileRef = BED8AC121BF7EC6A000ACBC2 /* ChainableTextControl.swift */; };
		BEDA880E1BE536E500DBC59B /* AHHelpPopover.m in Sources */ = {isa = PBXBuildFile; fileRef = BEDA880D1BE536E500DBC59B /* AHHelpPopover.m */; };
		BEE6A1B91BB88A080050653A /* CustomSegues.swift in Sources */ = {isa = PBXBuildFile; fileRef = BEE6A1B81BB88A080050653A /* CustomSegues.swift */; };
		BEEFDD231BF7DC2400C99DFC /* Filepathable.swift in Sources */ = {isa = PBXBuildFile; fileRef = BEEFDD221BF7DC2400C99DFC /* Filepathable.swift */; };
/* End PBXBuildFile section */

/* Begin PBXContainerItemProxy section */
		8B42AC8F1B5C5BEC0058A814 /* PBXContainerItemProxy */ = {
			isa = PBXContainerItemProxy;
			containerPortal = 8B42AC761B5C5BEC0058A814 /* Project object */;
			proxyType = 1;
			remoteGlobalIDString = 8B42AC7D1B5C5BEC0058A814;
			remoteInfo = "Recipe Robot";
		};
/* End PBXContainerItemProxy section */

/* Begin PBXCopyFilesBuildPhase section */
		9F578138254F797800B9F2D8 /* Embed Frameworks */ = {
			isa = PBXCopyFilesBuildPhase;
			buildActionMask = 2147483647;
			dstPath = "";
			dstSubfolderSpec = 10;
			files = (
				9F578137254F797800B9F2D8 /* Sparkle.framework in Embed Frameworks */,
			);
			name = "Embed Frameworks";
			runOnlyForDeploymentPostprocessing = 0;
		};
/* End PBXCopyFilesBuildPhase section */

/* Begin PBXFileReference section */
		8B42AC7E1B5C5BEC0058A814 /* Recipe Robot.app */ = {isa = PBXFileReference; explicitFileType = wrapper.application; includeInIndex = 0; path = "Recipe Robot.app"; sourceTree = BUILT_PRODUCTS_DIR; };
		8B42AC821B5C5BEC0058A814 /* Info.plist */ = {isa = PBXFileReference; lastKnownFileType = text.plist.xml; path = Info.plist; sourceTree = "<group>"; };
		8B42AC831B5C5BEC0058A814 /* AppDelegate.swift */ = {isa = PBXFileReference; lastKnownFileType = sourcecode.swift; path = AppDelegate.swift; sourceTree = "<group>"; };
		8B42AC851B5C5BEC0058A814 /* Images.xcassets */ = {isa = PBXFileReference; lastKnownFileType = folder.assetcatalog; path = Images.xcassets; sourceTree = "<group>"; };
		8B42AC8E1B5C5BEC0058A814 /* Recipe RobotTests.xctest */ = {isa = PBXFileReference; explicitFileType = wrapper.cfbundle; includeInIndex = 0; path = "Recipe RobotTests.xctest"; sourceTree = BUILT_PRODUCTS_DIR; };
		8B42AC931B5C5BEC0058A814 /* Info.plist */ = {isa = PBXFileReference; lastKnownFileType = text.plist.xml; path = Info.plist; sourceTree = "<group>"; };
		8B42AC941B5C5BEC0058A814 /* Recipe_RobotTests.swift */ = {isa = PBXFileReference; lastKnownFileType = sourcecode.swift; path = Recipe_RobotTests.swift; sourceTree = "<group>"; };
		8B8F78D21BF3D5DB008F2440 /* Feed Me Drop Zone.png */ = {isa = PBXFileReference; lastKnownFileType = image.png; path = "Feed Me Drop Zone.png"; sourceTree = "<group>"; };
		8BC7598E1BE413190074040F /* Credits.rtf */ = {isa = PBXFileReference; fileEncoding = 4; lastKnownFileType = text.rtf; name = Credits.rtf; path = "Recipe Robot/Credits.rtf"; sourceTree = SOURCE_ROOT; };
		8BD5A1CC1BCB6E3F00D16D0A /* scripts */ = {isa = PBXFileReference; lastKnownFileType = folder; name = scripts; path = ../../scripts; sourceTree = "<group>"; };
		9F578135254F797800B9F2D8 /* Sparkle.framework */ = {isa = PBXFileReference; lastKnownFileType = wrapper.framework; name = Sparkle.framework; path = Carthage/Build/Mac/Sparkle.framework; sourceTree = "<group>"; };
		BE007DB91BE93CFE00E31479 /* RecipeType.swift */ = {isa = PBXFileReference; fileEncoding = 4; lastKnownFileType = sourcecode.swift; path = RecipeType.swift; sourceTree = "<group>"; };
		BE09DAAD1BBA1C03007F8FF4 /* icon_128x128.png */ = {isa = PBXFileReference; lastKnownFileType = image.png; name = icon_128x128.png; path = Images.xcassets/AppIcon.appiconset/icon_128x128.png; sourceTree = "<group>"; };
		BE328F171BDC0DFD00EAF2E5 /* NotificationListener.swift */ = {isa = PBXFileReference; fileEncoding = 4; lastKnownFileType = sourcecode.swift; path = NotificationListener.swift; sourceTree = "<group>"; };
		BE34C8331B7EC5D400E0822E /* RecipeRobotViewController.swift */ = {isa = PBXFileReference; fileEncoding = 4; lastKnownFileType = sourcecode.swift; path = RecipeRobotViewController.swift; sourceTree = "<group>"; };
		BE34C8361B7EC5DF00E0822E /* Base */ = {isa = PBXFileReference; lastKnownFileType = file.storyboard; name = Base; path = Base.lproj/Main.storyboard; sourceTree = "<group>"; };
		BE49EB8C1BDFCB03001AA9CF /* Images.swift */ = {isa = PBXFileReference; fileEncoding = 4; lastKnownFileType = sourcecode.swift; path = Images.swift; sourceTree = "<group>"; };
		BE49EB8E1BDFD33C001AA9CF /* FeedMeDropImageView.swift */ = {isa = PBXFileReference; fileEncoding = 4; lastKnownFileType = sourcecode.swift; path = FeedMeDropImageView.swift; sourceTree = "<group>"; };
		BE49EB901BDFD451001AA9CF /* Defaults.swift */ = {isa = PBXFileReference; fileEncoding = 4; lastKnownFileType = sourcecode.swift; path = Defaults.swift; sourceTree = "<group>"; };
		BE6F6BA21B800E270082011D /* scripts */ = {isa = PBXFileReference; lastKnownFileType = folder; name = scripts; path = ../scripts; sourceTree = "<group>"; };
		BE76397B1BCB42EC00589695 /* StringExtensions.swift */ = {isa = PBXFileReference; fileEncoding = 4; lastKnownFileType = sourcecode.swift; path = StringExtensions.swift; sourceTree = "<group>"; };
		BE76397D1BCB602A00589695 /* Colors.swift */ = {isa = PBXFileReference; fileEncoding = 4; lastKnownFileType = sourcecode.swift; path = Colors.swift; sourceTree = "<group>"; };
		BE8997421B61D05300BBBEB5 /* RecipeRobotTask.swift */ = {isa = PBXFileReference; fileEncoding = 4; lastKnownFileType = sourcecode.swift; path = RecipeRobotTask.swift; sourceTree = "<group>"; };
		BE9965AE1BE7BAC000FE4113 /* TextStorageExtensions.swift */ = {isa = PBXFileReference; fileEncoding = 4; lastKnownFileType = sourcecode.swift; path = TextStorageExtensions.swift; sourceTree = "<group>"; };
		BE9965B01BE7BDE400FE4113 /* DictionaryExtensions.swift */ = {isa = PBXFileReference; fileEncoding = 4; lastKnownFileType = sourcecode.swift; path = DictionaryExtensions.swift; sourceTree = "<group>"; };
		BEB280071BF0D40B0084DA0F /* Taskable.swift */ = {isa = PBXFileReference; fileEncoding = 4; lastKnownFileType = sourcecode.swift; path = Taskable.swift; sourceTree = "<group>"; };
		BEB732821BE3F1AC00EA375C /* Storyboard.swift */ = {isa = PBXFileReference; fileEncoding = 4; lastKnownFileType = sourcecode.swift; path = Storyboard.swift; sourceTree = "<group>"; };
		BED8AC121BF7EC6A000ACBC2 /* ChainableTextControl.swift */ = {isa = PBXFileReference; fileEncoding = 4; lastKnownFileType = sourcecode.swift; path = ChainableTextControl.swift; sourceTree = "<group>"; };
		BEDA880C1BE536E500DBC59B /* AHHelpPopover.h */ = {isa = PBXFileReference; fileEncoding = 4; lastKnownFileType = sourcecode.c.h; path = AHHelpPopover.h; sourceTree = "<group>"; };
		BEDA880D1BE536E500DBC59B /* AHHelpPopover.m */ = {isa = PBXFileReference; fileEncoding = 4; lastKnownFileType = sourcecode.c.objc; path = AHHelpPopover.m; sourceTree = "<group>"; };
		BEE6A1B81BB88A080050653A /* CustomSegues.swift */ = {isa = PBXFileReference; fileEncoding = 4; lastKnownFileType = sourcecode.swift; path = CustomSegues.swift; sourceTree = "<group>"; };
		BEE6A1BA1BB89FCA0050653A /* Recipe Robot-Bridging-Header.h */ = {isa = PBXFileReference; lastKnownFileType = sourcecode.c.h; path = "Recipe Robot-Bridging-Header.h"; sourceTree = "<group>"; };
		BEEFDD221BF7DC2400C99DFC /* Filepathable.swift */ = {isa = PBXFileReference; fileEncoding = 4; lastKnownFileType = sourcecode.swift; path = Filepathable.swift; sourceTree = "<group>"; };
		D5416418220E96EC00A886AF /* Recipe RobotTests-Debug.xcconfig */ = {isa = PBXFileReference; lastKnownFileType = text.xcconfig; name = "Recipe RobotTests-Debug.xcconfig"; path = "xcconfig/Recipe RobotTests-Debug.xcconfig"; sourceTree = SOURCE_ROOT; };
		D5416419220E96EC00A886AF /* Recipe RobotTests-Shared.xcconfig */ = {isa = PBXFileReference; lastKnownFileType = text.xcconfig; name = "Recipe RobotTests-Shared.xcconfig"; path = "xcconfig/Recipe RobotTests-Shared.xcconfig"; sourceTree = SOURCE_ROOT; };
		D541641A220E96EC00A886AF /* Recipe Robot-Shared.xcconfig */ = {isa = PBXFileReference; lastKnownFileType = text.xcconfig; name = "Recipe Robot-Shared.xcconfig"; path = "xcconfig/Recipe Robot-Shared.xcconfig"; sourceTree = SOURCE_ROOT; };
		D541641C220E96EC00A886AF /* Recipe Robot-Debug.xcconfig */ = {isa = PBXFileReference; lastKnownFileType = text.xcconfig; name = "Recipe Robot-Debug.xcconfig"; path = "xcconfig/Recipe Robot-Debug.xcconfig"; sourceTree = SOURCE_ROOT; };
		D541641D220E96EC00A886AF /* Recipe Robot-Release.xcconfig */ = {isa = PBXFileReference; lastKnownFileType = text.xcconfig; name = "Recipe Robot-Release.xcconfig"; path = "xcconfig/Recipe Robot-Release.xcconfig"; sourceTree = SOURCE_ROOT; };
		D541641E220E96EC00A886AF /* Recipe RobotTests-Release.xcconfig */ = {isa = PBXFileReference; lastKnownFileType = text.xcconfig; name = "Recipe RobotTests-Release.xcconfig"; path = "xcconfig/Recipe RobotTests-Release.xcconfig"; sourceTree = SOURCE_ROOT; };
/* End PBXFileReference section */

/* Begin PBXFrameworksBuildPhase section */
		8B42AC7B1B5C5BEC0058A814 /* Frameworks */ = {
			isa = PBXFrameworksBuildPhase;
			buildActionMask = 2147483647;
			files = (
				9F578136254F797800B9F2D8 /* Sparkle.framework in Frameworks */,
			);
			runOnlyForDeploymentPostprocessing = 0;
		};
		8B42AC8B1B5C5BEC0058A814 /* Frameworks */ = {
			isa = PBXFrameworksBuildPhase;
			buildActionMask = 2147483647;
			files = (
			);
			runOnlyForDeploymentPostprocessing = 0;
		};
/* End PBXFrameworksBuildPhase section */

/* Begin PBXGroup section */
		6242C82AE9A11BEF4D5D7E2F /* Frameworks */ = {
			isa = PBXGroup;
			children = (
				9F578135254F797800B9F2D8 /* Sparkle.framework */,
			);
			name = Frameworks;
			sourceTree = "<group>";
		};
		8B42AC751B5C5BEC0058A814 = {
			isa = PBXGroup;
			children = (
				D5416417220E96CE00A886AF /* xcconfig */,
				BE6F6BA21B800E270082011D /* scripts */,
				8B42AC801B5C5BEC0058A814 /* Recipe Robot */,
				8B42AC911B5C5BEC0058A814 /* Recipe RobotTests */,
				8B42AC7F1B5C5BEC0058A814 /* Products */,
				6242C82AE9A11BEF4D5D7E2F /* Frameworks */,
			);
			sourceTree = "<group>";
		};
		8B42AC7F1B5C5BEC0058A814 /* Products */ = {
			isa = PBXGroup;
			children = (
				8B42AC7E1B5C5BEC0058A814 /* Recipe Robot.app */,
				8B42AC8E1B5C5BEC0058A814 /* Recipe RobotTests.xctest */,
			);
			name = Products;
			sourceTree = "<group>";
		};
		8B42AC801B5C5BEC0058A814 /* Recipe Robot */ = {
			isa = PBXGroup;
			children = (
				BE34C8351B7EC5DF00E0822E /* Main.storyboard */,
				8B42AC831B5C5BEC0058A814 /* AppDelegate.swift */,
				BE34C8331B7EC5D400E0822E /* RecipeRobotViewController.swift */,
				BE49EB8E1BDFD33C001AA9CF /* FeedMeDropImageView.swift */,
				BEB732821BE3F1AC00EA375C /* Storyboard.swift */,
				BE007DB91BE93CFE00E31479 /* RecipeType.swift */,
				BE49EB8C1BDFCB03001AA9CF /* Images.swift */,
				BE76397D1BCB602A00589695 /* Colors.swift */,
				BE49EB901BDFD451001AA9CF /* Defaults.swift */,
				BE328F171BDC0DFD00EAF2E5 /* NotificationListener.swift */,
				BE8997421B61D05300BBBEB5 /* RecipeRobotTask.swift */,
				BE76397B1BCB42EC00589695 /* StringExtensions.swift */,
				BE9965B01BE7BDE400FE4113 /* DictionaryExtensions.swift */,
				BE9965AE1BE7BAC000FE4113 /* TextStorageExtensions.swift */,
				BEE6A1B81BB88A080050653A /* CustomSegues.swift */,
				BEB280071BF0D40B0084DA0F /* Taskable.swift */,
				BEEFDD221BF7DC2400C99DFC /* Filepathable.swift */,
				BED8AC121BF7EC6A000ACBC2 /* ChainableTextControl.swift */,
				BEDA880C1BE536E500DBC59B /* AHHelpPopover.h */,
				BEDA880D1BE536E500DBC59B /* AHHelpPopover.m */,
				8B42AC851B5C5BEC0058A814 /* Images.xcassets */,
				8B42AC811B5C5BEC0058A814 /* Supporting Files */,
				BEE6A1BA1BB89FCA0050653A /* Recipe Robot-Bridging-Header.h */,
			);
			path = "Recipe Robot";
			sourceTree = "<group>";
		};
		8B42AC811B5C5BEC0058A814 /* Supporting Files */ = {
			isa = PBXGroup;
			children = (
				8B8F78D21BF3D5DB008F2440 /* Feed Me Drop Zone.png */,
				8BC7598E1BE413190074040F /* Credits.rtf */,
				BE09DAAD1BBA1C03007F8FF4 /* icon_128x128.png */,
				8B42AC821B5C5BEC0058A814 /* Info.plist */,
				8BD5A1CC1BCB6E3F00D16D0A /* scripts */,
			);
			name = "Supporting Files";
			sourceTree = "<group>";
		};
		8B42AC911B5C5BEC0058A814 /* Recipe RobotTests */ = {
			isa = PBXGroup;
			children = (
				8B42AC941B5C5BEC0058A814 /* Recipe_RobotTests.swift */,
				8B42AC921B5C5BEC0058A814 /* Supporting Files */,
			);
			path = "Recipe RobotTests";
			sourceTree = "<group>";
		};
		8B42AC921B5C5BEC0058A814 /* Supporting Files */ = {
			isa = PBXGroup;
			children = (
				8B42AC931B5C5BEC0058A814 /* Info.plist */,
			);
			name = "Supporting Files";
			sourceTree = "<group>";
		};
		D5416417220E96CE00A886AF /* xcconfig */ = {
			isa = PBXGroup;
			children = (
				D541641C220E96EC00A886AF /* Recipe Robot-Debug.xcconfig */,
				D541641D220E96EC00A886AF /* Recipe Robot-Release.xcconfig */,
				D541641A220E96EC00A886AF /* Recipe Robot-Shared.xcconfig */,
				D5416418220E96EC00A886AF /* Recipe RobotTests-Debug.xcconfig */,
				D541641E220E96EC00A886AF /* Recipe RobotTests-Release.xcconfig */,
				D5416419220E96EC00A886AF /* Recipe RobotTests-Shared.xcconfig */,
			);
			name = xcconfig;
			path = "New Group";
			sourceTree = "<group>";
		};
/* End PBXGroup section */

/* Begin PBXNativeTarget section */
		8B42AC7D1B5C5BEC0058A814 /* Recipe Robot */ = {
			isa = PBXNativeTarget;
			buildConfigurationList = 8B42AC981B5C5BEC0058A814 /* Build configuration list for PBXNativeTarget "Recipe Robot" */;
			buildPhases = (
				8B42AC7A1B5C5BEC0058A814 /* Sources */,
				8B42AC7B1B5C5BEC0058A814 /* Frameworks */,
				8B42AC7C1B5C5BEC0058A814 /* Resources */,
				8BFDC44C1BF420D1003CD257 /* Run Script: Set build number to commit count */,
				9F578138254F797800B9F2D8 /* Embed Frameworks */,
			);
			buildRules = (
			);
			dependencies = (
			);
			name = "Recipe Robot";
			productName = "Recipe Robot";
			productReference = 8B42AC7E1B5C5BEC0058A814 /* Recipe Robot.app */;
			productType = "com.apple.product-type.application";
		};
		8B42AC8D1B5C5BEC0058A814 /* Recipe RobotTests */ = {
			isa = PBXNativeTarget;
			buildConfigurationList = 8B42AC9B1B5C5BEC0058A814 /* Build configuration list for PBXNativeTarget "Recipe RobotTests" */;
			buildPhases = (
				8B42AC8A1B5C5BEC0058A814 /* Sources */,
				8B42AC8B1B5C5BEC0058A814 /* Frameworks */,
				8B42AC8C1B5C5BEC0058A814 /* Resources */,
			);
			buildRules = (
			);
			dependencies = (
				8B42AC901B5C5BEC0058A814 /* PBXTargetDependency */,
			);
			name = "Recipe RobotTests";
			productName = "Recipe RobotTests";
			productReference = 8B42AC8E1B5C5BEC0058A814 /* Recipe RobotTests.xctest */;
			productType = "com.apple.product-type.bundle.unit-test";
		};
/* End PBXNativeTarget section */

/* Begin PBXProject section */
		8B42AC761B5C5BEC0058A814 /* Project object */ = {
			isa = PBXProject;
			attributes = {
				LastSwiftMigration = 0700;
				LastSwiftUpdateCheck = 0700;
				LastUpgradeCheck = 1130;
				ORGANIZATIONNAME = "Elliot Jordan";
				TargetAttributes = {
					8B42AC7D1B5C5BEC0058A814 = {
						CreatedOnToolsVersion = 6.3.2;
						LastSwiftMigration = 1020;
					};
					8B42AC8D1B5C5BEC0058A814 = {
						CreatedOnToolsVersion = 6.3.2;
						LastSwiftMigration = 1130;
						TestTargetID = 8B42AC7D1B5C5BEC0058A814;
					};
				};
			};
			buildConfigurationList = 8B42AC791B5C5BEC0058A814 /* Build configuration list for PBXProject "Recipe Robot" */;
			compatibilityVersion = "Xcode 3.2";
			developmentRegion = en;
			hasScannedForEncodings = 0;
			knownRegions = (
				en,
				Base,
			);
			mainGroup = 8B42AC751B5C5BEC0058A814;
			productRefGroup = 8B42AC7F1B5C5BEC0058A814 /* Products */;
			projectDirPath = "";
			projectRoot = "";
			targets = (
				8B42AC7D1B5C5BEC0058A814 /* Recipe Robot */,
				8B42AC8D1B5C5BEC0058A814 /* Recipe RobotTests */,
			);
		};
/* End PBXProject section */

/* Begin PBXResourcesBuildPhase section */
		8B42AC7C1B5C5BEC0058A814 /* Resources */ = {
			isa = PBXResourcesBuildPhase;
			buildActionMask = 2147483647;
			files = (
				BE6F6BA31B800E270082011D /* scripts in Resources */,
				8B8F78D31BF3D5DB008F2440 /* Feed Me Drop Zone.png in Resources */,
				8BC7598F1BE413190074040F /* Credits.rtf in Resources */,
				BE09DAAE1BBA1C03007F8FF4 /* icon_128x128.png in Resources */,
				BE34C8371B7EC5DF00E0822E /* Main.storyboard in Resources */,
				8B42AC861B5C5BEC0058A814 /* Images.xcassets in Resources */,
			);
			runOnlyForDeploymentPostprocessing = 0;
		};
		8B42AC8C1B5C5BEC0058A814 /* Resources */ = {
			isa = PBXResourcesBuildPhase;
			buildActionMask = 2147483647;
			files = (
				BE1A41CF1BB4C374008173FB /* scripts in Resources */,
			);
			runOnlyForDeploymentPostprocessing = 0;
		};
/* End PBXResourcesBuildPhase section */

/* Begin PBXShellScriptBuildPhase section */
		8BFDC44C1BF420D1003CD257 /* Run Script: Set build number to commit count */ = {
			isa = PBXShellScriptBuildPhase;
			buildActionMask = 2147483647;
			files = (
			);
			inputPaths = (
			);
			name = "Run Script: Set build number to commit count";
			outputPaths = (
			);
			runOnlyForDeploymentPostprocessing = 0;
			shellPath = /bin/sh;
			shellScript = "# Update build number with number of git commits if in release mode\n\n[[ ${CONFIGURATION} != \"Release\" ]] && exit 0\n\nbuildNumber=$(git rev-list HEAD | wc -l | tr -d ' ')\n/usr/libexec/PlistBuddy -c \"Set :CFBundleVersion $buildNumber\" \"${PROJECT_DIR}/${INFOPLIST_FILE}\"\n";
		};
/* End PBXShellScriptBuildPhase section */

/* Begin PBXSourcesBuildPhase section */
		8B42AC7A1B5C5BEC0058A814 /* Sources */ = {
			isa = PBXSourcesBuildPhase;
			buildActionMask = 2147483647;
			files = (
				BEB280081BF0D40B0084DA0F /* Taskable.swift in Sources */,
				BE328F181BDC0DFD00EAF2E5 /* NotificationListener.swift in Sources */,
				BE76397C1BCB42EC00589695 /* StringExtensions.swift in Sources */,
				BEE6A1B91BB88A080050653A /* CustomSegues.swift in Sources */,
				BEB732831BE3F1AC00EA375C /* Storyboard.swift in Sources */,
				BED8AC131BF7EC6A000ACBC2 /* ChainableTextControl.swift in Sources */,
				BE007DBA1BE93CFE00E31479 /* RecipeType.swift in Sources */,
				BE9965B11BE7BDE400FE4113 /* DictionaryExtensions.swift in Sources */,
				BE49EB8D1BDFCB03001AA9CF /* Images.swift in Sources */,
				BE76397E1BCB602A00589695 /* Colors.swift in Sources */,
				8B42AC841B5C5BEC0058A814 /* AppDelegate.swift in Sources */,
				BE9965AF1BE7BAC000FE4113 /* TextStorageExtensions.swift in Sources */,
				BEEFDD231BF7DC2400C99DFC /* Filepathable.swift in Sources */,
				BE8997431B61D05300BBBEB5 /* RecipeRobotTask.swift in Sources */,
				BE34C8341B7EC5D400E0822E /* RecipeRobotViewController.swift in Sources */,
				BE49EB8F1BDFD33C001AA9CF /* FeedMeDropImageView.swift in Sources */,
				BE49EB911BDFD451001AA9CF /* Defaults.swift in Sources */,
				BEDA880E1BE536E500DBC59B /* AHHelpPopover.m in Sources */,
			);
			runOnlyForDeploymentPostprocessing = 0;
		};
		8B42AC8A1B5C5BEC0058A814 /* Sources */ = {
			isa = PBXSourcesBuildPhase;
			buildActionMask = 2147483647;
			files = (
				BEB280091BF0E7600084DA0F /* Taskable.swift in Sources */,
				8B42AC951B5C5BEC0058A814 /* Recipe_RobotTests.swift in Sources */,
			);
			runOnlyForDeploymentPostprocessing = 0;
		};
/* End PBXSourcesBuildPhase section */

/* Begin PBXTargetDependency section */
		8B42AC901B5C5BEC0058A814 /* PBXTargetDependency */ = {
			isa = PBXTargetDependency;
			target = 8B42AC7D1B5C5BEC0058A814 /* Recipe Robot */;
			targetProxy = 8B42AC8F1B5C5BEC0058A814 /* PBXContainerItemProxy */;
		};
/* End PBXTargetDependency section */

/* Begin PBXVariantGroup section */
		BE34C8351B7EC5DF00E0822E /* Main.storyboard */ = {
			isa = PBXVariantGroup;
			children = (
				BE34C8361B7EC5DF00E0822E /* Base */,
			);
			name = Main.storyboard;
			sourceTree = "<group>";
		};
/* End PBXVariantGroup section */

/* Begin XCBuildConfiguration section */
		8B42AC961B5C5BEC0058A814 /* Debug */ = {
			isa = XCBuildConfiguration;
			buildSettings = {
				CLANG_ANALYZER_LOCALIZABILITY_NONLOCALIZED = YES;
				CODE_SIGN_IDENTITY = "";
			};
			name = Debug;
		};
		8B42AC971B5C5BEC0058A814 /* Release */ = {
			isa = XCBuildConfiguration;
			buildSettings = {
				CLANG_ANALYZER_LOCALIZABILITY_NONLOCALIZED = YES;
				CODE_SIGN_IDENTITY = "";
				SWIFT_COMPILATION_MODE = wholemodule;
			};
			name = Release;
		};
		8B42AC991B5C5BEC0058A814 /* Debug */ = {
			isa = XCBuildConfiguration;
			baseConfigurationReference = D541641C220E96EC00A886AF /* Recipe Robot-Debug.xcconfig */;
			buildSettings = {
				CURRENT_PROJECT_VERSION = 1038;
				FRAMEWORK_SEARCH_PATHS = (
					"$(inherited)",
					"$(PROJECT_DIR)/Carthage/Build/Mac",
				);
				LD_RUNPATH_SEARCH_PATHS = "$(inherited) @executable_path/../Frameworks";
				MARKETING_VERSION = 2.0.0;
				PRODUCT_BUNDLE_IDENTIFIER = "com.elliotjordan.recipe-robot";
				SWIFT_VERSION = 5.0;
			};
			name = Debug;
		};
		8B42AC9A1B5C5BEC0058A814 /* Release */ = {
			isa = XCBuildConfiguration;
			baseConfigurationReference = D541641D220E96EC00A886AF /* Recipe Robot-Release.xcconfig */;
			buildSettings = {
				CURRENT_PROJECT_VERSION = 1038;
				FRAMEWORK_SEARCH_PATHS = (
					"$(inherited)",
					"$(PROJECT_DIR)/Carthage/Build/Mac",
				);
				LD_RUNPATH_SEARCH_PATHS = "$(inherited) @executable_path/../Frameworks";
				MARKETING_VERSION = 2.0.0;
				PRODUCT_BUNDLE_IDENTIFIER = "com.elliotjordan.recipe-robot";
				SWIFT_VERSION = 5.0;
			};
			name = Release;
		};
		8B42AC9C1B5C5BEC0058A814 /* Debug */ = {
			isa = XCBuildConfiguration;
			baseConfigurationReference = D5416418220E96EC00A886AF /* Recipe RobotTests-Debug.xcconfig */;
			buildSettings = {
				SWIFT_VERSION = 5.0;
			};
			name = Debug;
		};
		8B42AC9D1B5C5BEC0058A814 /* Release */ = {
			isa = XCBuildConfiguration;
			baseConfigurationReference = D541641E220E96EC00A886AF /* Recipe RobotTests-Release.xcconfig */;
			buildSettings = {
				SWIFT_VERSION = 5.0;
			};
			name = Release;
		};
/* End XCBuildConfiguration section */

/* Begin XCConfigurationList section */
		8B42AC791B5C5BEC0058A814 /* Build configuration list for PBXProject "Recipe Robot" */ = {
			isa = XCConfigurationList;
			buildConfigurations = (
				8B42AC961B5C5BEC0058A814 /* Debug */,
				8B42AC971B5C5BEC0058A814 /* Release */,
			);
			defaultConfigurationIsVisible = 0;
			defaultConfigurationName = Release;
		};
		8B42AC981B5C5BEC0058A814 /* Build configuration list for PBXNativeTarget "Recipe Robot" */ = {
			isa = XCConfigurationList;
			buildConfigurations = (
				8B42AC991B5C5BEC0058A814 /* Debug */,
				8B42AC9A1B5C5BEC0058A814 /* Release */,
			);
			defaultConfigurationIsVisible = 0;
			defaultConfigurationName = Release;
		};
		8B42AC9B1B5C5BEC0058A814 /* Build configuration list for PBXNativeTarget "Recipe RobotTests" */ = {
			isa = XCConfigurationList;
			buildConfigurations = (
				8B42AC9C1B5C5BEC0058A814 /* Debug */,
				8B42AC9D1B5C5BEC0058A814 /* Release */,
			);
			defaultConfigurationIsVisible = 0;
			defaultConfigurationName = Release;
		};
/* End XCConfigurationList section */
	};
	rootObject = 8B42AC761B5C5BEC0058A814 /* Project object */;
}
